
Microsoft Visual Studio Solution File, Format Version 12.00
# Visual Studio Version 17
VisualStudioVersion = 17.4.33403.182
MinimumVisualStudioVersion = 10.0.40219.1
Project("{FAE04EC0-301F-11D3-BF4B-00C04F79EFBC}") = "WwiseExtractor", "WwiseExtractor\WwiseExtractor.csproj", "{FEDB49B9-D789-4477-A43E-0E738491C177}"
EndProject
Global
	GlobalSection(SolutionConfigurationPlatforms) = preSolution
		Debug|Any CPU = Debug|Any CPU
		Release|Any CPU = Release|Any CPU
	EndGlobalSection
	GlobalSection(ProjectConfigurationPlatforms) = postSolution
		{FEDB49B9-D789-4477-A43E-0E738491C177}.Debug|Any CPU.ActiveCfg = Debug|Any CPU
		{FEDB49B9-D789-4477-A43E-0E738491C177}.Debug|Any CPU.Build.0 = Debug|Any CPU
		{FEDB49B9-D789-4477-A43E-0E738491C177}.Release|Any CPU.ActiveCfg = Release|Any CPU
		{FEDB49B9-D789-4477-A43E-0E738491C177}.Release|Any CPU.Build.0 = Release|Any CPU
	EndGlobalSection
	GlobalSection(SolutionProperties) = preSolution
		HideSolutionNode = FALSE
	EndGlobalSection
	GlobalSection(ExtensibilityGlobals) = postSolution
		SolutionGuid = {6F3998D3-21BD-486A-9F1C-E2791E64D54A}
	EndGlobalSection
EndGlobal
